lockfileVersion: '9.0'

settings:
  autoInstallPeers: true
  excludeLinksFromLockfile: false

importers:

  .:
    devDependencies:
      liquidjs:
        specifier: 10.29.0
        version: 10.29.0

packages:

  commander@10.0.1:
    resolution: {integrity: sha512-y4Mg2tXshplEbSGzx7amzPwKKOCGuoSRP/CjEdwwk0FOGlUbq6lKuoyDZTNZkmxHdJtp54hdfY/JUrdL7Xfdug==}
    engines: {node: '>=14'}

  liquidjs@10.29.0:
    resolution: {integrity: sha512-pCVOhs6FLAR8su3ItJ07diN26t6W5dHQRnmTMy8HPyTFuv1+oSCVJIGp5pGjfQyOZfh50KswvKtMTp6p4JEIdw==}
    engines: {node: '>=16'}
    hasBin: true

snapshots:

  commander@10.0.1: {}

  liquidjs@10.29.0:
    dependencies:
      commander: 10.0.1
